
Microsoft Visual Studio Solution File, Format Version 12.00
# Visual Studio 15
VisualStudioVersion = 15.0.28307.421
MinimumVisualStudioVersion = 10.0.40219.1
Project("{9A19103F-16F7-4668-BE54-9A1E7A4F7556}") = "PluginInterop", "PluginInterop\PluginInterop.csproj", "{95DC7A4F-F686-469C-9DB4-4438E0663046}"
EndProject
Global
	GlobalSection(SolutionConfigurationPlatforms) = preSolution
		Debug|Any CPU = Debug|Any CPU
		Release|Any CPU = Release|Any CPU
	EndGlobalSection
	GlobalSection(ProjectConfigurationPlatforms) = postSolution
		{95DC7A4F-F686-469C-9DB4-4438E0663046}.Debug|Any CPU.ActiveCfg = Debug|Any CPU
		{95DC7A4F-F686-469C-9DB4-4438E0663046}.Debug|Any CPU.Build.0 = Debug|Any CPU
		{95DC7A4F-F686-469C-9DB4-4438E0663046}.Release|Any CPU.ActiveCfg = Release|Any CPU
		{95DC7A4F-F686-469C-9DB4-4438E0663046}.Release|Any CPU.Build.0 = Release|Any CPU
	EndGlobalSection
	GlobalSection(SolutionProperties) = preSolution
		HideSolutionNode = FALSE
	EndGlobalSection
	GlobalSection(ExtensibilityGlobals) = postSolution
		SolutionGuid = {5CCC23C6-BFF4-4072-8654-03E8049B483B}
	EndGlobalSection
EndGlobal
